
Microsoft Visual Studio Solution File, Format Version 12.00
# Visual Studio Version 17
VisualStudioVersion = 17.10.35201.131
MinimumVisualStudioVersion = 10.0.40219.1
Project("{FAE04EC0-301F-11D3-BF4B-00C04F79EFBC}") = "PawnShopProject", "PawnShopProject\PawnShopProject.csproj", "{350D5B0B-0683-4343-B9B8-7570EC74CE41}"
EndProject
Global
	GlobalSection(SolutionConfigurationPlatforms) = preSolution
		Debug|Any CPU = Debug|Any CPU
		Release|Any CPU = Release|Any CPU
	EndGlobalSection
	GlobalSection(ProjectConfigurationPlatforms) = postSolution
		{350D5B0B-0683-4343-B9B8-7570EC74CE41}.Debug|Any CPU.ActiveCfg = Debug|Any CPU
		{350D5B0B-0683-4343-B9B8-7570EC74CE41}.Debug|Any CPU.Build.0 = Debug|Any CPU
		{350D5B0B-0683-4343-B9B8-7570EC74CE41}.Release|Any CPU.ActiveCfg = Release|Any CPU
		{350D5B0B-0683-4343-B9B8-7570EC74CE41}.Release|Any CPU.Build.0 = Release|Any CPU
	EndGlobalSection
	GlobalSection(SolutionProperties) = preSolution
		HideSolutionNode = FALSE
	EndGlobalSection
	GlobalSection(ExtensibilityGlobals) = postSolution
		SolutionGuid = {58C60A00-96B1-4802-8D18-E04CB87D0786}
	EndGlobalSection
EndGlobal
